// !$*UTF8*$!
{
	archiveVersion = 1;
	classes = {
	};
	objectVersion = 46;
	objects = {

/* Begin PBXBuildFile section */
		F784F0021A3287D6001AEA92 /* main.m in Sources */ = {isa = PBXBuildFile; fileRef = F784F0011A3287D6001AEA92 /* main.m */; };
		F784F0051A3287D6001AEA92 /* AppDelegate.m in Sources */ = {isa = PBXBuildFile; fileRef = F784F0041A3287D6001AEA92 /* AppDelegate.m */; };
		F784F00B1A3287D6001AEA92 /* Main.storyboard in Resources */ = {isa = PBXBuildFile; fileRef = F784F0091A3287D6001AEA92 /* Main.storyboard */; };
		F784F00D1A3287D6001AEA92 /* Images.xcassets in Resources */ = {isa = PBXBuildFile; fileRef = F784F00C1A3287D6001AEA92 /* Images.xcassets */; };
		F784F0101A3287D6001AEA92 /* LaunchScreen.xib in Resources */ = {isa = PBXBuildFile; fileRef = F784F00E1A3287D6001AEA92 /* LaunchScreen.xib */; };
		F784F01C1A3287D6001AEA92 /* dynamicTVTCTests.m in Sources */ = {isa = PBXBuildFile; fileRef = F784F01B1A3287D6001AEA92 /* dynamicTVTCTests.m */; };
		F784F02A1A32889A001AEA92 /* dynamicTVTCTableViewController.m in Sources */ = {isa = PBXBuildFile; fileRef = F784F0291A32889A001AEA92 /* dynamicTVTCTableViewController.m */; };
		F784F02D1A328998001AEA92 /* SingleLineTableViewCell.m in Sources */ = {isa = PBXBuildFile; fileRef = F784F02C1A328998001AEA92 /* SingleLineTableViewCell.m */; };
		F784F0301A3289A9001AEA92 /* MultiLineTableViewCell.m in Sources */ = {isa = PBXBuildFile; fileRef = F784F02F1A3289A9001AEA92 /* MultiLineTableViewCell.m */; };
		F784F0321A328AD3001AEA92 /* simsons_stupid.png in Resources */ = {isa = PBXBuildFile; fileRef = F784F0311A328AD3001AEA92 /* simsons_stupid.png */; };
/* End PBXBuildFile section */

/* Begin PBXContainerItemProxy section */
		F784F0161A3287D6001AEA92 /* PBXContainerItemProxy */ = {
			isa = PBXContainerItemProxy;
			containerPortal = F784EFF41A3287D6001AEA92 /* Project object */;
			proxyType = 1;
			remoteGlobalIDString = F784EFFB1A3287D6001AEA92;
			remoteInfo = dynamicTVTC;
		};
/* End PBXContainerItemProxy section */

/* Begin PBXFileReference section */
		F784EFFC1A3287D6001AEA92 /* dynamicTVTC.app */ = {isa = PBXFileReference; explicitFileType = wrapper.application; includeInIndex = 0; path = dynamicTVTC.app; sourceTree = BUILT_PRODUCTS_DIR; };
		F784F0001A3287D6001AEA92 /* Info.plist */ = {isa = PBXFileReference; lastKnownFileType = text.plist.xml; path = Info.plist; sourceTree = "<group>"; };
		F784F0011A3287D6001AEA92 /* main.m */ = {isa = PBXFileReference; lastKnownFileType = sourcecode.c.objc; path = main.m; sourceTree = "<group>"; };
		F784F0031A3287D6001AEA92 /* AppDelegate.h */ = {isa = PBXFileReference; lastKnownFileType = sourcecode.c.h; path = AppDelegate.h; sourceTree = "<group>"; };
		F784F0041A3287D6001AEA92 /* AppDelegate.m */ = {isa = PBXFileReference; lastKnownFileType = sourcecode.c.objc; path = AppDelegate.m; sourceTree = "<group>"; };
		F784F00A1A3287D6001AEA92 /* Base */ = {isa = PBXFileReference; lastKnownFileType = file.storyboard; name = Base; path = Base.lproj/Main.storyboard; sourceTree = "<group>"; };
		F784F00C1A3287D6001AEA92 /* Images.xcassets */ = {isa = PBXFileReference; lastKnownFileType = folder.assetcatalog; path = Images.xcassets; sourceTree = "<group>"; };
		F784F00F1A3287D6001AEA92 /* Base */ = {isa = PBXFileReference; lastKnownFileType = file.xib; name = Base; path = Base.lproj/LaunchScreen.xib; sourceTree = "<group>"; };
		F784F0151A3287D6001AEA92 /* dynamicTVTCTests.xctest */ = {isa = PBXFileReference; explicitFileType = wrapper.cfbundle; includeInIndex = 0; path = dynamicTVTCTests.xctest; sourceTree = BUILT_PRODUCTS_DIR; };
		F784F01A1A3287D6001AEA92 /* Info.plist */ = {isa = PBXFileReference; lastKnownFileType = text.plist.xml; path = Info.plist; sourceTree = "<group>"; };
		F784F01B1A3287D6001AEA92 /* dynamicTVTCTests.m */ = {isa = PBXFileReference; lastKnownFileType = sourcecode.c.objc; path = dynamicTVTCTests.m; sourceTree = "<group>"; };
		F784F0281A32889A001AEA92 /* dynamicTVTCTableViewController.h */ = {isa = PBXFileReference; fileEncoding = 4; lastKnownFileType = sourcecode.c.h; path = dynamicTVTCTableViewController.h; sourceTree = "<group>"; };
		F784F0291A32889A001AEA92 /* dynamicTVTCTableViewController.m */ = {isa = PBXFileReference; fileEncoding = 4; lastKnownFileType = sourcecode.c.objc; path = dynamicTVTCTableViewController.m; sourceTree = "<group>"; };
		F784F02B1A328998001AEA92 /* SingleLineTableViewCell.h */ = {isa = PBXFileReference; fileEncoding = 4; lastKnownFileType = sourcecode.c.h; path = SingleLineTableViewCell.h; sourceTree = "<group>"; };
		F784F02C1A328998001AEA92 /* SingleLineTableViewCell.m */ = {isa = PBXFileReference; fileEncoding = 4; lastKnownFileType = sourcecode.c.objc; path = SingleLineTableViewCell.m; sourceTree = "<group>"; };
		F784F02E1A3289A9001AEA92 /* MultiLineTableViewCell.h */ = {isa = PBXFileReference; fileEncoding = 4; lastKnownFileType = sourcecode.c.h; path = MultiLineTableViewCell.h; sourceTree = "<group>"; };
		F784F02F1A3289A9001AEA92 /* MultiLineTableViewCell.m */ = {isa = PBXFileReference; fileEncoding = 4; lastKnownFileType = sourcecode.c.objc; path = MultiLineTableViewCell.m; sourceTree = "<group>"; };
		F784F0311A328AD3001AEA92 /* simsons_stupid.png */ = {isa = PBXFileReference; lastKnownFileType = image.png; path = simsons_stupid.png; sourceTree = "<group>"; };
/* End PBXFileReference section */

/* Begin PBXFrameworksBuildPhase section */
		F784EFF91A3287D6001AEA92 /* Frameworks */ = {
			isa = PBXFrameworksBuildPhase;
			buildActionMask = 2147483647;
			files = (
			);
			runOnlyForDeploymentPostprocessing = 0;
		};
		F784F0121A3287D6001AEA92 /* Frameworks */ = {
			isa = PBXFrameworksBuildPhase;
			buildActionMask = 2147483647;
			files = (
			);
			runOnlyForDeploymentPostprocessing = 0;
		};
/* End PBXFrameworksBuildPhase section */

/* Begin PBXGroup section */
		F784EFF31A3287D6001AEA92 = {
			isa = PBXGroup;
			children = (
				F784EFFE1A3287D6001AEA92 /* dynamicTVTC */,
				F784F0181A3287D6001AEA92 /* dynamicTVTCTests */,
				F784EFFD1A3287D6001AEA92 /* Products */,
			);
			sourceTree = "<group>";
		};
		F784EFFD1A3287D6001AEA92 /* Products */ = {
			isa = PBXGroup;
			children = (
				F784EFFC1A3287D6001AEA92 /* dynamicTVTC.app */,
				F784F0151A3287D6001AEA92 /* dynamicTVTCTests.xctest */,
			);
			name = Products;
			sourceTree = "<group>";
		};
		F784EFFE1A3287D6001AEA92 /* dynamicTVTC */ = {
			isa = PBXGroup;
			children = (
				F784F0031A3287D6001AEA92 /* AppDelegate.h */,
				F784F0041A3287D6001AEA92 /* AppDelegate.m */,
				F784F0091A3287D6001AEA92 /* Main.storyboard */,
				F784F00C1A3287D6001AEA92 /* Images.xcassets */,
				F784F00E1A3287D6001AEA92 /* LaunchScreen.xib */,
				F784EFFF1A3287D6001AEA92 /* Supporting Files */,
				F784F0281A32889A001AEA92 /* dynamicTVTCTableViewController.h */,
				F784F0291A32889A001AEA92 /* dynamicTVTCTableViewController.m */,
				F784F02B1A328998001AEA92 /* SingleLineTableViewCell.h */,
				F784F02C1A328998001AEA92 /* SingleLineTableViewCell.m */,
				F784F02E1A3289A9001AEA92 /* MultiLineTableViewCell.h */,
				F784F02F1A3289A9001AEA92 /* MultiLineTableViewCell.m */,
			);
			path = dynamicTVTC;
			sourceTree = "<group>";
		};
		F784EFFF1A3287D6001AEA92 /* Supporting Files */ = {
			isa = PBXGroup;
			children = (
				F784F0311A328AD3001AEA92 /* simsons_stupid.png */,
				F784F0001A3287D6001AEA92 /* Info.plist */,
				F784F0011A3287D6001AEA92 /* main.m */,
			);
			name = "Supporting Files";
			sourceTree = "<group>";
		};
		F784F0181A3287D6001AEA92 /* dynamicTVTCTests */ = {
			isa = PBXGroup;
			children = (
				F784F01B1A3287D6001AEA92 /* dynamicTVTCTests.m */,
				F784F0191A3287D6001AEA92 /* Supporting Files */,
			);
			path = dynamicTVTCTests;
			sourceTree = "<group>";
		};
		F784F0191A3287D6001AEA92 /* Supporting Files */ = {
			isa = PBXGroup;
			children = (
				F784F01A1A3287D6001AEA92 /* Info.plist */,
			);
			name = "Supporting Files";
			sourceTree = "<group>";
		};
/* End PBXGroup section */

/* Begin PBXNativeTarget section */
		F784EFFB1A3287D6001AEA92 /* dynamicTVTC */ = {
			isa = PBXNativeTarget;
			buildConfigurationList = F784F01F1A3287D6001AEA92 /* Build configuration list for PBXNativeTarget "dynamicTVTC" */;
			buildPhases = (
				F784EFF81A3287D6001AEA92 /* Sources */,
				F784EFF91A3287D6001AEA92 /* Frameworks */,
				F784EFFA1A3287D6001AEA92 /* Resources */,
			);
			buildRules = (
			);
			dependencies = (
			);
			name = dynamicTVTC;
			productName = dynamicTVTC;
			productReference = F784EFFC1A3287D6001AEA92 /* dynamicTVTC.app */;
			productType = "com.apple.product-type.application";
		};
		F784F0141A3287D6001AEA92 /* dynamicTVTCTests */ = {
			isa = PBXNativeTarget;
			buildConfigurationList = F784F0221A3287D6001AEA92 /* Build configuration list for PBXNativeTarget "dynamicTVTCTests" */;
			buildPhases = (
				F784F0111A3287D6001AEA92 /* Sources */,
				F784F0121A3287D6001AEA92 /* Frameworks */,
				F784F0131A3287D6001AEA92 /* Resources */,
			);
			buildRules = (
			);
			dependencies = (
				F784F0171A3287D6001AEA92 /* PBXTargetDependency */,
			);
			name = dynamicTVTCTests;
			productName = dynamicTVTCTests;
			productReference = F784F0151A3287D6001AEA92 /* dynamicTVTCTests.xctest */;
			productType = "com.apple.product-type.bundle.unit-test";
		};
/* End PBXNativeTarget section */

/* Begin PBXProject section */
		F784EFF41A3287D6001AEA92 /* Project object */ = {
			isa = PBXProject;
			attributes = {
				LastUpgradeCheck = 0600;
				ORGANIZATIONNAME = morgman;
				TargetAttributes = {
					F784EFFB1A3287D6001AEA92 = {
						CreatedOnToolsVersion = 6.0;
						DevelopmentTeam = 7UVHUCYTL7;
					};
					F784F0141A3287D6001AEA92 = {
						CreatedOnToolsVersion = 6.0;
						TestTargetID = F784EFFB1A3287D6001AEA92;
					};
				};
			};
			buildConfigurationList = F784EFF71A3287D6001AEA92 /* Build configuration list for PBXProject "dynamicTVTC" */;
			compatibilityVersion = "Xcode 3.2";
			developmentRegion = English;
			hasScannedForEncodings = 0;
			knownRegions = (
				en,
				Base,
			);
			mainGroup = F784EFF31A3287D6001AEA92;
			productRefGroup = F784EFFD1A3287D6001AEA92 /* Products */;
			projectDirPath = "";
			projectRoot = "";
			targets = (
				F784EFFB1A3287D6001AEA92 /* dynamicTVTC */,
				F784F0141A3287D6001AEA92 /* dynamicTVTCTests */,
			);
		};
/* End PBXProject section */

/* Begin PBXResourcesBuildPhase section */
		F784EFFA1A3287D6001AEA92 /* Resources */ = {
			isa = PBXResourcesBuildPhase;
			buildActionMask = 2147483647;
			files = (
				F784F00B1A3287D6001AEA92 /* Main.storyboard in Resources */,
				F784F0321A328AD3001AEA92 /* simsons_stupid.png in Resources */,
				F784F0101A3287D6001AEA92 /* LaunchScreen.xib in Resources */,
				F784F00D1A3287D6001AEA92 /* Images.xcassets in Resources */,
			);
			runOnlyForDeploymentPostprocessing = 0;
		};
		F784F0131A3287D6001AEA92 /* Resources */ = {
			isa = PBXResourcesBuildPhase;
			buildActionMask = 2147483647;
			files = (
			);
			runOnlyForDeploymentPostprocessing = 0;
		};
/* End PBXResourcesBuildPhase section */

/* Begin PBXSourcesBuildPhase section */
		F784EFF81A3287D6001AEA92 /* Sources */ = {
			isa = PBXSourcesBuildPhase;
			buildActionMask = 2147483647;
			files = (
				F784F0051A3287D6001AEA92 /* AppDelegate.m in Sources */,
				F784F02D1A328998001AEA92 /* SingleLineTableViewCell.m in Sources */,
				F784F02A1A32889A001AEA92 /* dynamicTVTCTableViewController.m in Sources */,
				F784F0301A3289A9001AEA92 /* MultiLineTableViewCell.m in Sources */,
				F784F0021A3287D6001AEA92 /* main.m in Sources */,
			);
			runOnlyForDeploymentPostprocessing = 0;
		};
		F784F0111A3287D6001AEA92 /* Sources */ = {
			isa = PBXSourcesBuildPhase;
			buildActionMask = 2147483647;
			files = (
				F784F01C1A3287D6001AEA92 /* dynamicTVTCTests.m in Sources */,
			);
			runOnlyForDeploymentPostprocessing = 0;
		};
/* End PBXSourcesBuildPhase section */

/* Begin PBXTargetDependency section */
		F784F0171A3287D6001AEA92 /* PBXTargetDependency */ = {
			isa = PBXTargetDependency;
			target = F784EFFB1A3287D6001AEA92 /* dynamicTVTC */;
			targetProxy = F784F0161A3287D6001AEA92 /* PBXContainerItemProxy */;
		};
/* End PBXTargetDependency section */

/* Begin PBXVariantGroup section */
		F784F0091A3287D6001AEA92 /* Main.storyboard */ = {
			isa = PBXVariantGroup;
			children = (
				F784F00A1A3287D6001AEA92 /* Base */,
			);
			name = Main.storyboard;
			sourceTree = "<group>";
		};
		F784F00E1A3287D6001AEA92 /* LaunchScreen.xib */ = {
			isa = PBXVariantGroup;
			children = (
				F784F00F1A3287D6001AEA92 /* Base */,
			);
			name = LaunchScreen.xib;
			sourceTree = "<group>";
		};
/* End PBXVariantGroup section */

/* Begin XCBuildConfiguration section */
		F784F01D1A3287D6001AEA92 /* Debug */ = {
			isa = XCBuildConfiguration;
			buildSettings = {
				ALWAYS_SEARCH_USER_PATHS = NO;
				CLANG_CXX_LANGUAGE_STANDARD = "gnu++0x";
				CLANG_CXX_LIBRARY = "libc++";
				CLANG_ENABLE_MODULES = YES;
				CLANG_ENABLE_OBJC_ARC = YES;
				CLANG_WARN_BOOL_CONVERSION = YES;
				CLANG_WARN_CONSTANT_CONVERSION = YES;
				CLANG_WARN_DIRECT_OBJC_ISA_USAGE = YES_ERROR;
				CLANG_WARN_EMPTY_BODY = YES;
				CLANG_WARN_ENUM_CONVERSION = YES;
				CLANG_WARN_INT_CONVERSION = YES;
				CLANG_WARN_OBJC_ROOT_CLASS = YES_ERROR;
				CLANG_WARN_UNREACHABLE_CODE = YES;
				CLANG_WARN__DUPLICATE_METHOD_MATCH = YES;
				"CODE_SIGN_IDENTITY[sdk=iphoneos*]" = "iPhone Developer";
				COPY_PHASE_STRIP = NO;
				ENABLE_STRICT_OBJC_MSGSEND = YES;
				GCC_C_LANGUAGE_STANDARD = gnu99;
				GCC_DYNAMIC_NO_PIC = NO;
				GCC_OPTIMIZATION_LEVEL = 0;
				GCC_PREPROCESSOR_DEFINITIONS = (
					"DEBUG=1",
					"$(inherited)",
				);
				GCC_SYMBOLS_PRIVATE_EXTERN = NO;
				GCC_WARN_64_TO_32_BIT_CONVERSION = YES;
				GCC_WARN_ABOUT_RETURN_TYPE = YES_ERROR;
				GCC_WARN_UNDECLARED_SELECTOR = YES;
				GCC_WARN_UNINITIALIZED_AUTOS = YES_AGGRESSIVE;
				GCC_WARN_UNUSED_FUNCTION = YES;
				GCC_WARN_UNUSED_VARIABLE = YES;
				IPHONEOS_DEPLOYMENT_TARGET = 8.0;
				MTL_ENABLE_DEBUG_INFO = YES;
				ONLY_ACTIVE_ARCH = YES;
				SDKROOT = iphoneos;
			};
			name = Debug;
		};
		F784F01E1A3287D6001AEA92 /* Release */ = {
			isa = XCBuildConfiguration;
			buildSettings = {
				ALWAYS_SEARCH_USER_PATHS = NO;
				CLANG_CXX_LANGUAGE_STANDARD = "gnu++0x";
				CLANG_CXX_LIBRARY = "libc++";
				CLANG_ENABLE_MODULES = YES;
				CLANG_ENABLE_OBJC_ARC = YES;
				CLANG_WARN_BOOL_CONVERSION = YES;
				CLANG_WARN_CONSTANT_CONVERSION = YES;
				CLANG_WARN_DIRECT_OBJC_ISA_USAGE = YES_ERROR;
				CLANG_WARN_EMPTY_BODY = YES;
				CLANG_WARN_ENUM_CONVERSION = YES;
				CLANG_WARN_INT_CONVERSION = YES;
				CLANG_WARN_OBJC_ROOT_CLASS = YES_ERROR;
				CLANG_WARN_UNREACHABLE_CODE = YES;
				CLANG_WARN__DUPLICATE_METHOD_MATCH = YES;
				"CODE_SIGN_IDENTITY[sdk=iphoneos*]" = "iPhone Developer";
				COPY_PHASE_STRIP = YES;
				ENABLE_NS_ASSERTIONS = NO;
				ENABLE_STRICT_OBJC_MSGSEND = YES;
				GCC_C_LANGUAGE_STANDARD = gnu99;
				GCC_WARN_64_TO_32_BIT_CONVERSION = YES;
				GCC_WARN_ABOUT_RETURN_TYPE = YES_ERROR;
				GCC_WARN_UNDECLARED_SELECTOR = YES;
				GCC_WARN_UNINITIALIZED_AUTOS = YES_AGGRESSIVE;
				GCC_WARN_UNUSED_FUNCTION = YES;
				GCC_WARN_UNUSED_VARIABLE = YES;
				IPHONEOS_DEPLOYMENT_TARGET = 8.0;
				MTL_ENABLE_DEBUG_INFO = NO;
				SDKROOT = iphoneos;
				VALIDATE_PRODUCT = YES;
			};
			name = Release;
		};
		F784F0201A3287D6001AEA92 /* Debug */ = {
			isa = XCBuildConfiguration;
			buildSettings = {
				ASSETCATALOG_COMPILER_APPICON_NAME = AppIcon;
				CODE_SIGN_IDENTITY = "iPhone Developer";
				INFOPLIST_FILE = dynamicTVTC/Info.plist;
				LD_RUNPATH_SEARCH_PATHS = "$(inherited) @executable_path/Frameworks";
				PRODUCT_NAME = "$(TARGET_NAME)";
			};
			name = Debug;
		};
		F784F0211A3287D6001AEA92 /* Release */ = {
			isa = XCBuildConfiguration;
			buildSettings = {
				ASSETCATALOG_COMPILER_APPICON_NAME = AppIcon;
				CODE_SIGN_IDENTITY = "iPhone Developer";
				INFOPLIST_FILE = dynamicTVTC/Info.plist;
				LD_RUNPATH_SEARCH_PATHS = "$(inherited) @executable_path/Frameworks";
				PRODUCT_NAME = "$(TARGET_NAME)";
			};
			name = Release;
		};
		F784F0231A3287D6001AEA92 /* Debug */ = {
			isa = XCBuildConfiguration;
			buildSettings = {
				BUNDLE_LOADER = "$(TEST_HOST)";
				FRAMEWORK_SEARCH_PATHS = (
					"$(SDKROOT)/Developer/Library/Frameworks",
					"$(inherited)",
				);
				GCC_PREPROCESSOR_DEFINITIONS = (
					"DEBUG=1",
					"$(inherited)",
				);
				INFOPLIST_FILE = dynamicTVTCTests/Info.plist;
				LD_RUNPATH_SEARCH_PATHS = "$(inherited) @executable_path/Frameworks @loader_path/Frameworks";
				PRODUCT_NAME = "$(TARGET_NAME)";
				TEST_HOST = "$(BUILT_PRODUCTS_DIR)/dynamicTVTC.app/dynamicTVTC";
			};
			name = Debug;
		};
		F784F0241A3287D6001AEA92 /* Release */ = {
			isa = XCBuildConfiguration;
			buildSettings = {
				BUNDLE_LOADER = "$(TEST_HOST)";
				FRAMEWORK_SEARCH_PATHS = (
					"$(SDKROOT)/Developer/Library/Frameworks",
					"$(inherited)",
				);
				INFOPLIST_FILE = dynamicTVTCTests/Info.plist;
				LD_RUNPATH_SEARCH_PATHS = "$(inherited) @executable_path/Frameworks @loader_path/Frameworks";
				PRODUCT_NAME = "$(TARGET_NAME)";
				TEST_HOST = "$(BUILT_PRODUCTS_DIR)/dynamicTVTC.app/dynamicTVTC";
			};
			name = Release;
		};
/* End XCBuildConfiguration section */

/* Begin XCConfigurationList section */
		F784EFF71A3287D6001AEA92 /* Build configuration list for PBXProject "dynamicTVTC" */ = {
			isa = XCConfigurationList;
			buildConfigurations = (
				F784F01D1A3287D6001AEA92 /* Debug */,
				F784F01E1A3287D6001AEA92 /* Release */,
			);
			defaultConfigurationIsVisible = 0;
			defaultConfigurationName = Release;
		};
		F784F01F1A3287D6001AEA92 /* Build configuration list for PBXNativeTarget "dynamicTVTC" */ = {
			isa = XCConfigurationList;
			buildConfigurations = (
				F784F0201A3287D6001AEA92 /* Debug */,
				F784F0211A3287D6001AEA92 /* Release */,
			);
			defaultConfigurationIsVisible = 0;
			defaultConfigurationName = Release;
		};
		F784F0221A3287D6001AEA92 /* Build configuration list for PBXNativeTarget "dynamicTVTCTests" */ = {
			isa = XCConfigurationList;
			buildConfigurations = (
				F784F0231A3287D6001AEA92 /* Debug */,
				F784F0241A3287D6001AEA92 /* Release */,
			);
			defaultConfigurationIsVisible = 0;
			defaultConfigurationName = Release;
		};
/* End XCConfigurationList section */
	};
	rootObject = F784EFF41A3287D6001AEA92 /* Project object */;
}
